// !$*UTF8*$!
{
	archiveVersion = 1;
	classes = {
	};
	objectVersion = 56;
	objects = {

/* Begin PBXBuildFile section */
		417A6D0D2C496CD900AA6408 /* My_KidneyApp.swift in Sources */ = {isa = PBXBuildFile; fileRef = 417A6D0C2C496CD900AA6408 /* My_KidneyApp.swift */; };
		417A6D0F2C496CD900AA6408 /* ContentView.swift in Sources */ = {isa = PBXBuildFile; fileRef = 417A6D0E2C496CD900AA6408 /* ContentView.swift */; };
		417A6D112C496CDB00AA6408 /* Assets.xcassets in Resources */ = {isa = PBXBuildFile; fileRef = 417A6D102C496CDB00AA6408 /* Assets.xcassets */; };
		417A6D142C496CDB00AA6408 /* Preview Assets.xcassets in Resources */ = {isa = PBXBuildFile; fileRef = 417A6D132C496CDB00AA6408 /* Preview Assets.xcassets */; };
		417A6D222C497A6C00AA6408 /* EventModel.swift in Sources */ = {isa = PBXBuildFile; fileRef = 417A6D212C497A6C00AA6408 /* EventModel.swift */; };
		417A6D242C497A9400AA6408 /* ExpertSystemModel.swift in Sources */ = {isa = PBXBuildFile; fileRef = 417A6D232C497A9400AA6408 /* ExpertSystemModel.swift */; };
		417A6D262C497AB800AA6408 /* RuleModel.swift in Sources */ = {isa = PBXBuildFile; fileRef = 417A6D252C497AB800AA6408 /* RuleModel.swift */; };
		417A6D282C497AE000AA6408 /* ViewModel.swift in Sources */ = {isa = PBXBuildFile; fileRef = 417A6D272C497AE000AA6408 /* ViewModel.swift */; };
		417A6D2A2C49E89E00AA6408 /* AdviceViewModel.swift in Sources */ = {isa = PBXBuildFile; fileRef = 417A6D292C49E89E00AA6408 /* AdviceViewModel.swift */; };
		417A6D2C2C49E99C00AA6408 /* AuthViewModel.swift in Sources */ = {isa = PBXBuildFile; fileRef = 417A6D2B2C49E99C00AA6408 /* AuthViewModel.swift */; };
		417A6D2E2C49E9CA00AA6408 /* ConsultationVewModel.swift in Sources */ = {isa = PBXBuildFile; fileRef = 417A6D2D2C49E9CA00AA6408 /* ConsultationVewModel.swift */; };
		417A6D302C49E9EC00AA6408 /* DiagnosisViewModel.swift in Sources */ = {isa = PBXBuildFile; fileRef = 417A6D2F2C49E9EC00AA6408 /* DiagnosisViewModel.swift */; };
		417A6D322C49EA2F00AA6408 /* DiseaseViewModel.swift in Sources */ = {isa = PBXBuildFile; fileRef = 417A6D312C49EA2F00AA6408 /* DiseaseViewModel.swift */; };
		417A6D342C49EA5800AA6408 /* EventViewModel.swift in Sources */ = {isa = PBXBuildFile; fileRef = 417A6D332C49EA5800AA6408 /* EventViewModel.swift */; };
		417A6D362C49EA8A00AA6408 /* LoadViewModel.swift in Sources */ = {isa = PBXBuildFile; fileRef = 417A6D352C49EA8A00AA6408 /* LoadViewModel.swift */; };
		417A6D382C49EACC00AA6408 /* SignInWithAnotherPlatformViewModel.swift in Sources */ = {isa = PBXBuildFile; fileRef = 417A6D372C49EACC00AA6408 /* SignInWithAnotherPlatformViewModel.swift */; };
		417A6D3A2C49EB0300AA6408 /* SymptomQuestionViewModel.swift in Sources */ = {isa = PBXBuildFile; fileRef = 417A6D392C49EB0300AA6408 /* SymptomQuestionViewModel.swift */; };
		417A6D3C2C49EB2200AA6408 /* SymptomViewModel.swift in Sources */ = {isa = PBXBuildFile; fileRef = 417A6D3B2C49EB2200AA6408 /* SymptomViewModel.swift */; };
/* End PBXBuildFile section */

/* Begin PBXFileReference section */
		417A6D092C496CD900AA6408 /* My Kidney.app */ = {isa = PBXFileReference; explicitFileType = wrapper.application; includeInIndex = 0; path = "My Kidney.app"; sourceTree = BUILT_PRODUCTS_DIR; };
		417A6D0C2C496CD900AA6408 /* My_KidneyApp.swift */ = {isa = PBXFileReference; lastKnownFileType = sourcecode.swift; path = My_KidneyApp.swift; sourceTree = "<group>"; };
		417A6D0E2C496CD900AA6408 /* ContentView.swift */ = {isa = PBXFileReference; lastKnownFileType = sourcecode.swift; path = ContentView.swift; sourceTree = "<group>"; };
		417A6D102C496CDB00AA6408 /* Assets.xcassets */ = {isa = PBXFileReference; lastKnownFileType = folder.assetcatalog; path = Assets.xcassets; sourceTree = "<group>"; };
		417A6D132C496CDB00AA6408 /* Preview Assets.xcassets */ = {isa = PBXFileReference; lastKnownFileType = folder.assetcatalog; path = "Preview Assets.xcassets"; sourceTree = "<group>"; };
		417A6D212C497A6C00AA6408 /* EventModel.swift */ = {isa = PBXFileReference; lastKnownFileType = sourcecode.swift; path = EventModel.swift; sourceTree = "<group>"; };
		417A6D232C497A9400AA6408 /* ExpertSystemModel.swift */ = {isa = PBXFileReference; lastKnownFileType = sourcecode.swift; path = ExpertSystemModel.swift; sourceTree = "<group>"; };
		417A6D252C497AB800AA6408 /* RuleModel.swift */ = {isa = PBXFileReference; lastKnownFileType = sourcecode.swift; path = RuleModel.swift; sourceTree = "<group>"; };
		417A6D272C497AE000AA6408 /* ViewModel.swift */ = {isa = PBXFileReference; lastKnownFileType = sourcecode.swift; path = ViewModel.swift; sourceTree = "<group>"; };
		417A6D292C49E89E00AA6408 /* AdviceViewModel.swift */ = {isa = PBXFileReference; lastKnownFileType = sourcecode.swift; path = AdviceViewModel.swift; sourceTree = "<group>"; };
		417A6D2B2C49E99C00AA6408 /* AuthViewModel.swift */ = {isa = PBXFileReference; lastKnownFileType = sourcecode.swift; path = AuthViewModel.swift; sourceTree = "<group>"; };
		417A6D2D2C49E9CA00AA6408 /* ConsultationVewModel.swift */ = {isa = PBXFileReference; lastKnownFileType = sourcecode.swift; path = ConsultationVewModel.swift; sourceTree = "<group>"; };
		417A6D2F2C49E9EC00AA6408 /* DiagnosisViewModel.swift */ = {isa = PBXFileReference; lastKnownFileType = sourcecode.swift; path = DiagnosisViewModel.swift; sourceTree = "<group>"; };
		417A6D312C49EA2F00AA6408 /* DiseaseViewModel.swift */ = {isa = PBXFileReference; lastKnownFileType = sourcecode.swift; path = DiseaseViewModel.swift; sourceTree = "<group>"; };
		417A6D332C49EA5800AA6408 /* EventViewModel.swift */ = {isa = PBXFileReference; lastKnownFileType = sourcecode.swift; path = EventViewModel.swift; sourceTree = "<group>"; };
		417A6D352C49EA8A00AA6408 /* LoadViewModel.swift */ = {isa = PBXFileReference; lastKnownFileType = sourcecode.swift; path = LoadViewModel.swift; sourceTree = "<group>"; };
		417A6D372C49EACC00AA6408 /* SignInWithAnotherPlatformViewModel.swift */ = {isa = PBXFileReference; lastKnownFileType = sourcecode.swift; path = SignInWithAnotherPlatformViewModel.swift; sourceTree = "<group>"; };
		417A6D392C49EB0300AA6408 /* SymptomQuestionViewModel.swift */ = {isa = PBXFileReference; lastKnownFileType = sourcecode.swift; path = SymptomQuestionViewModel.swift; sourceTree = "<group>"; };
		417A6D3B2C49EB2200AA6408 /* SymptomViewModel.swift */ = {isa = PBXFileReference; lastKnownFileType = sourcecode.swift; path = SymptomViewModel.swift; sourceTree = "<group>"; };
/* End PBXFileReference section */

/* Begin PBXFrameworksBuildPhase section */
		417A6D062C496CD900AA6408 /* Frameworks */ = {
			isa = PBXFrameworksBuildPhase;
			buildActionMask = 2147483647;
			files = (
			);
			runOnlyForDeploymentPostprocessing = 0;
		};
/* End PBXFrameworksBuildPhase section */

/* Begin PBXGroup section */
		417A6D002C496CD900AA6408 = {
			isa = PBXGroup;
			children = (
				417A6D0B2C496CD900AA6408 /* My Kidney */,
				417A6D0A2C496CD900AA6408 /* Products */,
			);
			sourceTree = "<group>";
		};
		417A6D0A2C496CD900AA6408 /* Products */ = {
			isa = PBXGroup;
			children = (
				417A6D092C496CD900AA6408 /* My Kidney.app */,
			);
			name = Products;
			sourceTree = "<group>";
		};
		417A6D0B2C496CD900AA6408 /* My Kidney */ = {
			isa = PBXGroup;
			children = (
				417A6D202C49793900AA6408 /* App */,
				417A6D1F2C49792E00AA6408 /* Resources */,
				417A6D1E2C49791A00AA6408 /* Utilities */,
				417A6D1D2C49790B00AA6408 /* Services */,
				417A6D1C2C4978FF00AA6408 /* Models */,
				417A6D1B2C4978F300AA6408 /* Views */,
				417A6D1A2C4978E900AA6408 /* ViewModels */,
				417A6D122C496CDB00AA6408 /* Preview Content */,
			);
			path = "My Kidney";
			sourceTree = "<group>";
		};
		417A6D122C496CDB00AA6408 /* Preview Content */ = {
			isa = PBXGroup;
			children = (
				417A6D132C496CDB00AA6408 /* Preview Assets.xcassets */,
				417A6D102C496CDB00AA6408 /* Assets.xcassets */,
			);
			path = "Preview Content";
			sourceTree = "<group>";
		};
		417A6D1A2C4978E900AA6408 /* ViewModels */ = {
			isa = PBXGroup;
			children = (
				417A6D292C49E89E00AA6408 /* AdviceViewModel.swift */,
				417A6D2B2C49E99C00AA6408 /* AuthViewModel.swift */,
				417A6D2D2C49E9CA00AA6408 /* ConsultationVewModel.swift */,
				417A6D2F2C49E9EC00AA6408 /* DiagnosisViewModel.swift */,
				417A6D312C49EA2F00AA6408 /* DiseaseViewModel.swift */,
				417A6D332C49EA5800AA6408 /* EventViewModel.swift */,
				417A6D352C49EA8A00AA6408 /* LoadViewModel.swift */,
				417A6D372C49EACC00AA6408 /* SignInWithAnotherPlatformViewModel.swift */,
				417A6D392C49EB0300AA6408 /* SymptomQuestionViewModel.swift */,
				417A6D3B2C49EB2200AA6408 /* SymptomViewModel.swift */,
			);
			path = ViewModels;
			sourceTree = "<group>";
		};
		417A6D1B2C4978F300AA6408 /* Views */ = {
			isa = PBXGroup;
			children = (
			);
			path = Views;
			sourceTree = "<group>";
		};
		417A6D1C2C4978FF00AA6408 /* Models */ = {
			isa = PBXGroup;
			children = (
				417A6D212C497A6C00AA6408 /* EventModel.swift */,
				417A6D232C497A9400AA6408 /* ExpertSystemModel.swift */,
				417A6D252C497AB800AA6408 /* RuleModel.swift */,
				417A6D272C497AE000AA6408 /* ViewModel.swift */,
			);
			path = Models;
			sourceTree = "<group>";
		};
		417A6D1D2C49790B00AA6408 /* Services */ = {
			isa = PBXGroup;
			children = (
			);
			path = Services;
			sourceTree = "<group>";
		};
		417A6D1E2C49791A00AA6408 /* Utilities */ = {
			isa = PBXGroup;
			children = (
			);
			path = Utilities;
			sourceTree = "<group>";
		};
		417A6D1F2C49792E00AA6408 /* Resources */ = {
			isa = PBXGroup;
			children = (
			);
			path = Resources;
			sourceTree = "<group>";
		};
		417A6D202C49793900AA6408 /* App */ = {
			isa = PBXGroup;
			children = (
				417A6D0C2C496CD900AA6408 /* My_KidneyApp.swift */,
				417A6D0E2C496CD900AA6408 /* ContentView.swift */,
			);
			path = App;
			sourceTree = "<group>";
		};
/* End PBXGroup section */

/* Begin PBXNativeTarget section */
		417A6D082C496CD900AA6408 /* My Kidney */ = {
			isa = PBXNativeTarget;
			buildConfigurationList = 417A6D172C496CDB00AA6408 /* Build configuration list for PBXNativeTarget "My Kidney" */;
			buildPhases = (
				417A6D052C496CD900AA6408 /* Sources */,
				417A6D062C496CD900AA6408 /* Frameworks */,
				417A6D072C496CD900AA6408 /* Resources */,
			);
			buildRules = (
			);
			dependencies = (
			);
			name = "My Kidney";
			productName = "My Kidney";
			productReference = 417A6D092C496CD900AA6408 /* My Kidney.app */;
			productType = "com.apple.product-type.application";
		};
/* End PBXNativeTarget section */

/* Begin PBXProject section */
		417A6D012C496CD900AA6408 /* Project object */ = {
			isa = PBXProject;
			attributes = {
				BuildIndependentTargetsInParallel = 1;
				LastSwiftUpdateCheck = 1530;
				LastUpgradeCheck = 1530;
				TargetAttributes = {
					417A6D082C496CD900AA6408 = {
						CreatedOnToolsVersion = 15.3;
					};
				};
			};
			buildConfigurationList = 417A6D042C496CD900AA6408 /* Build configuration list for PBXProject "My Kidney" */;
			compatibilityVersion = "Xcode 14.0";
			developmentRegion = en;
			hasScannedForEncodings = 0;
			knownRegions = (
				en,
				Base,
			);
			mainGroup = 417A6D002C496CD900AA6408;
			productRefGroup = 417A6D0A2C496CD900AA6408 /* Products */;
			projectDirPath = "";
			projectRoot = "";
			targets = (
				417A6D082C496CD900AA6408 /* My Kidney */,
			);
		};
/* End PBXProject section */

/* Begin PBXResourcesBuildPhase section */
		417A6D072C496CD900AA6408 /* Resources */ = {
			isa = PBXResourcesBuildPhase;
			buildActionMask = 2147483647;
			files = (
				417A6D142C496CDB00AA6408 /* Preview Assets.xcassets in Resources */,
				417A6D112C496CDB00AA6408 /* Assets.xcassets in Resources */,
			);
			runOnlyForDeploymentPostprocessing = 0;
		};
/* End PBXResourcesBuildPhase section */

/* Begin PBXSourcesBuildPhase section */
		417A6D052C496CD900AA6408 /* Sources */ = {
			isa = PBXSourcesBuildPhase;
			buildActionMask = 2147483647;
			files = (
				417A6D242C497A9400AA6408 /* ExpertSystemModel.swift in Sources */,
				417A6D342C49EA5800AA6408 /* EventViewModel.swift in Sources */,
				417A6D0F2C496CD900AA6408 /* ContentView.swift in Sources */,
				417A6D302C49E9EC00AA6408 /* DiagnosisViewModel.swift in Sources */,
				417A6D222C497A6C00AA6408 /* EventModel.swift in Sources */,
				417A6D2E2C49E9CA00AA6408 /* ConsultationVewModel.swift in Sources */,
				417A6D3C2C49EB2200AA6408 /* SymptomViewModel.swift in Sources */,
				417A6D0D2C496CD900AA6408 /* My_KidneyApp.swift in Sources */,
				417A6D2C2C49E99C00AA6408 /* AuthViewModel.swift in Sources */,
				417A6D282C497AE000AA6408 /* ViewModel.swift in Sources */,
				417A6D382C49EACC00AA6408 /* SignInWithAnotherPlatformViewModel.swift in Sources */,
				417A6D3A2C49EB0300AA6408 /* SymptomQuestionViewModel.swift in Sources */,
				417A6D322C49EA2F00AA6408 /* DiseaseViewModel.swift in Sources */,
				417A6D2A2C49E89E00AA6408 /* AdviceViewModel.swift in Sources */,
				417A6D262C497AB800AA6408 /* RuleModel.swift in Sources */,
				417A6D362C49EA8A00AA6408 /* LoadViewModel.swift in Sources */,
			);
			runOnlyForDeploymentPostprocessing = 0;
		};
/* End PBXSourcesBuildPhase section */

/* Begin XCBuildConfiguration section */
		417A6D152C496CDB00AA6408 /* Debug */ = {
			isa = XCBuildConfiguration;
			buildSettings = {
				ALWAYS_SEARCH_USER_PATHS = NO;
				ASSETCATALOG_COMPILER_GENERATE_SWIFT_ASSET_SYMBOL_EXTENSIONS = YES;
				CLANG_ANALYZER_NONNULL = YES;
				CLANG_ANALYZER_NUMBER_OBJECT_CONVERSION = YES_AGGRESSIVE;
				CLANG_CXX_LANGUAGE_STANDARD = "gnu++20";
				CLANG_ENABLE_MODULES = YES;
				CLANG_ENABLE_OBJC_ARC = YES;
				CLANG_ENABLE_OBJC_WEAK = YES;
				CLANG_WARN_BLOCK_CAPTURE_AUTORELEASING = YES;
				CLANG_WARN_BOOL_CONVERSION = YES;
				CLANG_WARN_COMMA = YES;
				CLANG_WARN_CONSTANT_CONVERSION = YES;
				CLANG_WARN_DEPRECATED_OBJC_IMPLEMENTATIONS = YES;
				CLANG_WARN_DIRECT_OBJC_ISA_USAGE = YES_ERROR;
				CLANG_WARN_DOCUMENTATION_COMMENTS = YES;
				CLANG_WARN_EMPTY_BODY = YES;
				CLANG_WARN_ENUM_CONVERSION = YES;
				CLANG_WARN_INFINITE_RECURSION = YES;
				CLANG_WARN_INT_CONVERSION = YES;
				CLANG_WARN_NON_LITERAL_NULL_CONVERSION = YES;
				CLANG_WARN_OBJC_IMPLICIT_RETAIN_SELF = YES;
				CLANG_WARN_OBJC_LITERAL_CONVERSION = YES;
				CLANG_WARN_OBJC_ROOT_CLASS = YES_ERROR;
				CLANG_WARN_QUOTED_INCLUDE_IN_FRAMEWORK_HEADER = YES;
				CLANG_WARN_RANGE_LOOP_ANALYSIS = YES;
				CLANG_WARN_STRICT_PROTOTYPES = YES;
				CLANG_WARN_SUSPICIOUS_MOVE = YES;
				CLANG_WARN_UNGUARDED_AVAILABILITY = YES_AGGRESSIVE;
				CLANG_WARN_UNREACHABLE_CODE = YES;
				CLANG_WARN__DUPLICATE_METHOD_MATCH = YES;
				COPY_PHASE_STRIP = NO;
				DEBUG_INFORMATION_FORMAT = dwarf;
				ENABLE_STRICT_OBJC_MSGSEND = YES;
				ENABLE_TESTABILITY = YES;
				ENABLE_USER_SCRIPT_SANDBOXING = YES;
				GCC_C_LANGUAGE_STANDARD = gnu17;
				GCC_DYNAMIC_NO_PIC = NO;
				GCC_NO_COMMON_BLOCKS = YES;
				GCC_OPTIMIZATION_LEVEL = 0;
				GCC_PREPROCESSOR_DEFINITIONS = (
					"DEBUG=1",
					"$(inherited)",
				);
				GCC_WARN_64_TO_32_BIT_CONVERSION = YES;
				GCC_WARN_ABOUT_RETURN_TYPE = YES_ERROR;
				GCC_WARN_UNDECLARED_SELECTOR = YES;
				GCC_WARN_UNINITIALIZED_AUTOS = YES_AGGRESSIVE;
				GCC_WARN_UNUSED_FUNCTION = YES;
				GCC_WARN_UNUSED_VARIABLE = YES;
				IPHONEOS_DEPLOYMENT_TARGET = 17.4;
				LOCALIZATION_PREFERS_STRING_CATALOGS = YES;
				MTL_ENABLE_DEBUG_INFO = INCLUDE_SOURCE;
				MTL_FAST_MATH = YES;
				ONLY_ACTIVE_ARCH = YES;
				SDKROOT = iphoneos;
				SWIFT_ACTIVE_COMPILATION_CONDITIONS = "DEBUG $(inherited)";
				SWIFT_OPTIMIZATION_LEVEL = "-Onone";
			};
			name = Debug;
		};
		417A6D162C496CDB00AA6408 /* Release */ = {
			isa = XCBuildConfiguration;
			buildSettings = {
				ALWAYS_SEARCH_USER_PATHS = NO;
				ASSETCATALOG_COMPILER_GENERATE_SWIFT_ASSET_SYMBOL_EXTENSIONS = YES;
				CLANG_ANALYZER_NONNULL = YES;
				CLANG_ANALYZER_NUMBER_OBJECT_CONVERSION = YES_AGGRESSIVE;
				CLANG_CXX_LANGUAGE_STANDARD = "gnu++20";
				CLANG_ENABLE_MODULES = YES;
				CLANG_ENABLE_OBJC_ARC = YES;
				CLANG_ENABLE_OBJC_WEAK = YES;
				CLANG_WARN_BLOCK_CAPTURE_AUTORELEASING = YES;
				CLANG_WARN_BOOL_CONVERSION = YES;
				CLANG_WARN_COMMA = YES;
				CLANG_WARN_CONSTANT_CONVERSION = YES;
				CLANG_WARN_DEPRECATED_OBJC_IMPLEMENTATIONS = YES;
				CLANG_WARN_DIRECT_OBJC_ISA_USAGE = YES_ERROR;
				CLANG_WARN_DOCUMENTATION_COMMENTS = YES;
				CLANG_WARN_EMPTY_BODY = YES;
				CLANG_WARN_ENUM_CONVERSION = YES;
				CLANG_WARN_INFINITE_RECURSION = YES;
				CLANG_WARN_INT_CONVERSION = YES;
				CLANG_WARN_NON_LITERAL_NULL_CONVERSION = YES;
				CLANG_WARN_OBJC_IMPLICIT_RETAIN_SELF = YES;
				CLANG_WARN_OBJC_LITERAL_CONVERSION = YES;
				CLANG_WARN_OBJC_ROOT_CLASS = YES_ERROR;
				CLANG_WARN_QUOTED_INCLUDE_IN_FRAMEWORK_HEADER = YES;
				CLANG_WARN_RANGE_LOOP_ANALYSIS = YES;
				CLANG_WARN_STRICT_PROTOTYPES = YES;
				CLANG_WARN_SUSPICIOUS_MOVE = YES;
				CLANG_WARN_UNGUARDED_AVAILABILITY = YES_AGGRESSIVE;
				CLANG_WARN_UNREACHABLE_CODE = YES;
				CLANG_WARN__DUPLICATE_METHOD_MATCH = YES;
				COPY_PHASE_STRIP = NO;
				DEBUG_INFORMATION_FORMAT = "dwarf-with-dsym";
				ENABLE_NS_ASSERTIONS = NO;
				ENABLE_STRICT_OBJC_MSGSEND = YES;
				ENABLE_USER_SCRIPT_SANDBOXING = YES;
				GCC_C_LANGUAGE_STANDARD = gnu17;
				GCC_NO_COMMON_BLOCKS = YES;
				GCC_WARN_64_TO_32_BIT_CONVERSION = YES;
				GCC_WARN_ABOUT_RETURN_TYPE = YES_ERROR;
				GCC_WARN_UNDECLARED_SELECTOR = YES;
				GCC_WARN_UNINITIALIZED_AUTOS = YES_AGGRESSIVE;
				GCC_WARN_UNUSED_FUNCTION = YES;
				GCC_WARN_UNUSED_VARIABLE = YES;
				IPHONEOS_DEPLOYMENT_TARGET = 17.4;
				LOCALIZATION_PREFERS_STRING_CATALOGS = YES;
				MTL_ENABLE_DEBUG_INFO = NO;
				MTL_FAST_MATH = YES;
				SDKROOT = iphoneos;
				SWIFT_COMPILATION_MODE = wholemodule;
				VALIDATE_PRODUCT = YES;
			};
			name = Release;
		};
		417A6D182C496CDB00AA6408 /* Debug */ = {
			isa = XCBuildConfiguration;
			buildSettings = {
				ASSETCATALOG_COMPILER_APPICON_NAME = AppIcon;
				ASSETCATALOG_COMPILER_GLOBAL_ACCENT_COLOR_NAME = AccentColor;
				CODE_SIGN_STYLE = Automatic;
				CURRENT_PROJECT_VERSION = 1;
				DEVELOPMENT_ASSET_PATHS = "\"My Kidney/Preview Content\"";
				DEVELOPMENT_TEAM = QAM977QT6U;
				ENABLE_PREVIEWS = YES;
				GENERATE_INFOPLIST_FILE = YES;
				INFOPLIST_KEY_UIApplicationSceneManifest_Generation = YES;
				INFOPLIST_KEY_UIApplicationSupportsIndirectInputEvents = YES;
				INFOPLIST_KEY_UILaunchScreen_Generation = YES;
				INFOPLIST_KEY_UISupportedInterfaceOrientations_iPad = "UIInterfaceOrientationPortrait UIInterfaceOrientationPortraitUpsideDown UIInterfaceOrientationLandscapeLeft UIInterfaceOrientationLandscapeRight";
				INFOPLIST_KEY_UISupportedInterfaceOrientations_iPhone = "UIInterfaceOrientationPortrait UIInterfaceOrientationLandscapeLeft UIInterfaceOrientationLandscapeRight";
				LD_RUNPATH_SEARCH_PATHS = (
					"$(inherited)",
					"@executable_path/Frameworks",
				);
				MARKETING_VERSION = 1.0;
				PRODUCT_BUNDLE_IDENTIFIER = "Pratama-Center.My-Kidney";
				PRODUCT_NAME = "$(TARGET_NAME)";
				SWIFT_EMIT_LOC_STRINGS = YES;
				SWIFT_VERSION = 5.0;
				TARGETED_DEVICE_FAMILY = "1,2";
			};
			name = Debug;
		};
		417A6D192C496CDB00AA6408 /* Release */ = {
			isa = XCBuildConfiguration;
			buildSettings = {
				ASSETCATALOG_COMPILER_APPICON_NAME = AppIcon;
				ASSETCATALOG_COMPILER_GLOBAL_ACCENT_COLOR_NAME = AccentColor;
				CODE_SIGN_STYLE = Automatic;
				CURRENT_PROJECT_VERSION = 1;
				DEVELOPMENT_ASSET_PATHS = "\"My Kidney/Preview Content\"";
				DEVELOPMENT_TEAM = QAM977QT6U;
				ENABLE_PREVIEWS = YES;
				GENERATE_INFOPLIST_FILE = YES;
				INFOPLIST_KEY_UIApplicationSceneManifest_Generation = YES;
				INFOPLIST_KEY_UIApplicationSupportsIndirectInputEvents = YES;
				INFOPLIST_KEY_UILaunchScreen_Generation = YES;
				INFOPLIST_KEY_UISupportedInterfaceOrientations_iPad = "UIInterfaceOrientationPortrait UIInterfaceOrientationPortraitUpsideDown UIInterfaceOrientationLandscapeLeft UIInterfaceOrientationLandscapeRight";
				INFOPLIST_KEY_UISupportedInterfaceOrientations_iPhone = "UIInterfaceOrientationPortrait UIInterfaceOrientationLandscapeLeft UIInterfaceOrientationLandscapeRight";
				LD_RUNPATH_SEARCH_PATHS = (
					"$(inherited)",
					"@executable_path/Frameworks",
				);
				MARKETING_VERSION = 1.0;
				PRODUCT_BUNDLE_IDENTIFIER = "Pratama-Center.My-Kidney";
				PRODUCT_NAME = "$(TARGET_NAME)";
				SWIFT_EMIT_LOC_STRINGS = YES;
				SWIFT_VERSION = 5.0;
				TARGETED_DEVICE_FAMILY = "1,2";
			};
			name = Release;
		};
/* End XCBuildConfiguration section */

/* Begin XCConfigurationList section */
		417A6D042C496CD900AA6408 /* Build configuration list for PBXProject "My Kidney" */ = {
			isa = XCConfigurationList;
			buildConfigurations = (
				417A6D152C496CDB00AA6408 /* Debug */,
				417A6D162C496CDB00AA6408 /* Release */,
			);
			defaultConfigurationIsVisible = 0;
			defaultConfigurationName = Release;
		};
		417A6D172C496CDB00AA6408 /* Build configuration list for PBXNativeTarget "My Kidney" */ = {
			isa = XCConfigurationList;
			buildConfigurations = (
				417A6D182C496CDB00AA6408 /* Debug */,
				417A6D192C496CDB00AA6408 /* Release */,
			);
			defaultConfigurationIsVisible = 0;
			defaultConfigurationName = Release;
		};
/* End XCConfigurationList section */
	};
	rootObject = 417A6D012C496CD900AA6408 /* Project object */;
}
