// !$*UTF8*$!
{
	archiveVersion = 1;
	classes = {
	};
	objectVersion = 56;
	objects = {

/* Begin PBXBuildFile section */
		417A6D0D2C496CD900AA6408 /* My_KidneyApp.swift in Sources */ = {isa = PBXBuildFile; fileRef = 417A6D0C2C496CD900AA6408 /* My_KidneyApp.swift */; };
		417A6D0F2C496CD900AA6408 /* ContentView.swift in Sources */ = {isa = PBXBuildFile; fileRef = 417A6D0E2C496CD900AA6408 /* ContentView.swift */; };
		417A6D112C496CDB00AA6408 /* Assets.xcassets in Resources */ = {isa = PBXBuildFile; fileRef = 417A6D102C496CDB00AA6408 /* Assets.xcassets */; };
		417A6D142C496CDB00AA6408 /* Preview Assets.xcassets in Resources */ = {isa = PBXBuildFile; fileRef = 417A6D132C496CDB00AA6408 /* Preview Assets.xcassets */; };
		417A6D222C497A6C00AA6408 /* EventModel.swift in Sources */ = {isa = PBXBuildFile; fileRef = 417A6D212C497A6C00AA6408 /* EventModel.swift */; };
		417A6D242C497A9400AA6408 /* ExpertSystemModel.swift in Sources */ = {isa = PBXBuildFile; fileRef = 417A6D232C497A9400AA6408 /* ExpertSystemModel.swift */; };
		417A6D262C497AB800AA6408 /* RuleModel.swift in Sources */ = {isa = PBXBuildFile; fileRef = 417A6D252C497AB800AA6408 /* RuleModel.swift */; };
		417A6D282C497AE000AA6408 /* ViewModel.swift in Sources */ = {isa = PBXBuildFile; fileRef = 417A6D272C497AE000AA6408 /* ViewModel.swift */; };
		417A6D2A2C49E89E00AA6408 /* AdviceViewModel.swift in Sources */ = {isa = PBXBuildFile; fileRef = 417A6D292C49E89E00AA6408 /* AdviceViewModel.swift */; };
		417A6D2C2C49E99C00AA6408 /* AuthViewModel.swift in Sources */ = {isa = PBXBuildFile; fileRef = 417A6D2B2C49E99C00AA6408 /* AuthViewModel.swift */; };
		417A6D2E2C49E9CA00AA6408 /* ConsultationVewModel.swift in Sources */ = {isa = PBXBuildFile; fileRef = 417A6D2D2C49E9CA00AA6408 /* ConsultationVewModel.swift */; };
		417A6D302C49E9EC00AA6408 /* DiagnosisViewModel.swift in Sources */ = {isa = PBXBuildFile; fileRef = 417A6D2F2C49E9EC00AA6408 /* DiagnosisViewModel.swift */; };
		417A6D322C49EA2F00AA6408 /* DiseaseViewModel.swift in Sources */ = {isa = PBXBuildFile; fileRef = 417A6D312C49EA2F00AA6408 /* DiseaseViewModel.swift */; };
		417A6D342C49EA5800AA6408 /* EventViewModel.swift in Sources */ = {isa = PBXBuildFile; fileRef = 417A6D332C49EA5800AA6408 /* EventViewModel.swift */; };
		417A6D362C49EA8A00AA6408 /* LoadViewModel.swift in Sources */ = {isa = PBXBuildFile; fileRef = 417A6D352C49EA8A00AA6408 /* LoadViewModel.swift */; };
		417A6D382C49EACC00AA6408 /* SignInWithAnotherPlatformViewModel.swift in Sources */ = {isa = PBXBuildFile; fileRef = 417A6D372C49EACC00AA6408 /* SignInWithAnotherPlatformViewModel.swift */; };
		417A6D3A2C49EB0300AA6408 /* SymptomQuestionViewModel.swift in Sources */ = {isa = PBXBuildFile; fileRef = 417A6D392C49EB0300AA6408 /* SymptomQuestionViewModel.swift */; };
		417A6D3C2C49EB2200AA6408 /* SymptomViewModel.swift in Sources */ = {isa = PBXBuildFile; fileRef = 417A6D3B2C49EB2200AA6408 /* SymptomViewModel.swift */; };
		417A6D412C49EEC700AA6408 /* FirebaseAuth in Frameworks */ = {isa = PBXBuildFile; productRef = 417A6D402C49EEC700AA6408 /* FirebaseAuth */; };
		417A6D432C49EEC700AA6408 /* FirebaseFirestore in Frameworks */ = {isa = PBXBuildFile; productRef = 417A6D422C49EEC700AA6408 /* FirebaseFirestore */; };
		417A6D452C49EEC700AA6408 /* FirebaseFirestoreSwift in Frameworks */ = {isa = PBXBuildFile; productRef = 417A6D442C49EEC700AA6408 /* FirebaseFirestoreSwift */; };
		417A6D472C49EEC700AA6408 /* FirebaseStorage in Frameworks */ = {isa = PBXBuildFile; productRef = 417A6D462C49EEC700AA6408 /* FirebaseStorage */; };
		417A6D492C49F19500AA6408 /* GoogleService-Info.plist in Resources */ = {isa = PBXBuildFile; fileRef = 417A6D482C49F19500AA6408 /* GoogleService-Info.plist */; };
		417A6D4C2C49F21C00AA6408 /* GoogleSignIn in Frameworks */ = {isa = PBXBuildFile; productRef = 417A6D4B2C49F21C00AA6408 /* GoogleSignIn */; };
		417A6D4E2C49F21C00AA6408 /* GoogleSignInSwift in Frameworks */ = {isa = PBXBuildFile; productRef = 417A6D4D2C49F21C00AA6408 /* GoogleSignInSwift */; };
		417A6D512C49F44C00AA6408 /* AdviceService.swift in Sources */ = {isa = PBXBuildFile; fileRef = 417A6D502C49F44C00AA6408 /* AdviceService.swift */; };
		417A6D532C49F47700AA6408 /* AuthServices.swift in Sources */ = {isa = PBXBuildFile; fileRef = 417A6D522C49F47700AA6408 /* AuthServices.swift */; };
		417A6D552C49F49D00AA6408 /* ConsultationService.swift in Sources */ = {isa = PBXBuildFile; fileRef = 417A6D542C49F49D00AA6408 /* ConsultationService.swift */; };
		417A6D572C49F4B800AA6408 /* DiagnosisService.swift in Sources */ = {isa = PBXBuildFile; fileRef = 417A6D562C49F4B800AA6408 /* DiagnosisService.swift */; };
		417A6D592C49F4D600AA6408 /* DiseaseService.swift in Sources */ = {isa = PBXBuildFile; fileRef = 417A6D582C49F4D600AA6408 /* DiseaseService.swift */; };
		417A6D5B2C49F4F200AA6408 /* EventService.swift in Sources */ = {isa = PBXBuildFile; fileRef = 417A6D5A2C49F4F200AA6408 /* EventService.swift */; };
		417A6D5D2C49F51500AA6408 /* ExpertSystemService.swift in Sources */ = {isa = PBXBuildFile; fileRef = 417A6D5C2C49F51500AA6408 /* ExpertSystemService.swift */; };
		417A6D5F2C49F53200AA6408 /* SignInWithAnotherPlatformService.swift in Sources */ = {isa = PBXBuildFile; fileRef = 417A6D5E2C49F53200AA6408 /* SignInWithAnotherPlatformService.swift */; };
		417A6D612C49F59800AA6408 /* SymptomService.swift in Sources */ = {isa = PBXBuildFile; fileRef = 417A6D602C49F59800AA6408 /* SymptomService.swift */; };
		417A6D662C4ACB3100AA6408 /* ForgotPasswordView.swift in Sources */ = {isa = PBXBuildFile; fileRef = 417A6D652C4ACB3100AA6408 /* ForgotPasswordView.swift */; };
		417A6D682C4ACB5300AA6408 /* LoginView.swift in Sources */ = {isa = PBXBuildFile; fileRef = 417A6D672C4ACB5300AA6408 /* LoginView.swift */; };
		417A6D6A2C4ACB9C00AA6408 /* RegisterView.swift in Sources */ = {isa = PBXBuildFile; fileRef = 417A6D692C4ACB9C00AA6408 /* RegisterView.swift */; };
		417A6D6C2C4C01FB00AA6408 /* ApplicationUtility.swift in Sources */ = {isa = PBXBuildFile; fileRef = 417A6D6B2C4C01FB00AA6408 /* ApplicationUtility.swift */; };
		417A6D6E2C4C021B00AA6408 /* CustomInputView.swift in Sources */ = {isa = PBXBuildFile; fileRef = 417A6D6D2C4C021B00AA6408 /* CustomInputView.swift */; };
		417A6D702C4C024F00AA6408 /* CustomTopBarView.swift in Sources */ = {isa = PBXBuildFile; fileRef = 417A6D6F2C4C024F00AA6408 /* CustomTopBarView.swift */; };
		417A6D722C4C027800AA6408 /* CustomTabView.swift in Sources */ = {isa = PBXBuildFile; fileRef = 417A6D712C4C027800AA6408 /* CustomTabView.swift */; };
		417A6D742C4C029600AA6408 /* LoadingImageView.swift in Sources */ = {isa = PBXBuildFile; fileRef = 417A6D732C4C029600AA6408 /* LoadingImageView.swift */; };
		417A6D762C4C02B400AA6408 /* LoadingMessageView.swift in Sources */ = {isa = PBXBuildFile; fileRef = 417A6D752C4C02B400AA6408 /* LoadingMessageView.swift */; };
		417A6D7F2C4C9BCB00AA6408 /* AdminSettingsView.swift in Sources */ = {isa = PBXBuildFile; fileRef = 417A6D7E2C4C9BCB00AA6408 /* AdminSettingsView.swift */; };
		417A6D812C4C9BF500AA6408 /* HomeAdminView.swift in Sources */ = {isa = PBXBuildFile; fileRef = 417A6D802C4C9BF500AA6408 /* HomeAdminView.swift */; };
		417A6D832C4C9C1100AA6408 /* NewsView.swift in Sources */ = {isa = PBXBuildFile; fileRef = 417A6D822C4C9C1100AA6408 /* NewsView.swift */; };
		417A6D852C4C9C2900AA6408 /* ReportsView.swift in Sources */ = {isa = PBXBuildFile; fileRef = 417A6D842C4C9C2900AA6408 /* ReportsView.swift */; };
		417A6D872C4C9D2200AA6408 /* AppInfoData.swift in Sources */ = {isa = PBXBuildFile; fileRef = 417A6D862C4C9D2200AA6408 /* AppInfoData.swift */; };
		417A6D892C4C9D7500AA6408 /* ProfileView.swift in Sources */ = {isa = PBXBuildFile; fileRef = 417A6D882C4C9D7500AA6408 /* ProfileView.swift */; };
		417A6D8B2C4C9D8D00AA6408 /* SettingsView.swift in Sources */ = {isa = PBXBuildFile; fileRef = 417A6D8A2C4C9D8D00AA6408 /* SettingsView.swift */; };
		417A6D8D2C4C9DB800AA6408 /* TabView.swift in Sources */ = {isa = PBXBuildFile; fileRef = 417A6D8C2C4C9DB800AA6408 /* TabView.swift */; };
		417A6D8F2C4C9DD800AA6408 /* TopNavigationView.swift in Sources */ = {isa = PBXBuildFile; fileRef = 417A6D8E2C4C9DD800AA6408 /* TopNavigationView.swift */; };
		417A6D912C4C9E1C00AA6408 /* UpdateTeleponView.swift in Sources */ = {isa = PBXBuildFile; fileRef = 417A6D902C4C9E1C00AA6408 /* UpdateTeleponView.swift */; };
		417A6D932C4C9E4700AA6408 /* UserDetailView.swift in Sources */ = {isa = PBXBuildFile; fileRef = 417A6D922C4C9E4700AA6408 /* UserDetailView.swift */; };
		417A6D952C4C9EC400AA6408 /* UserProfileView.swift in Sources */ = {isa = PBXBuildFile; fileRef = 417A6D942C4C9EC400AA6408 /* UserProfileView.swift */; };
		417A6D972C4CA04F00AA6408 /* ConsultationView.swift in Sources */ = {isa = PBXBuildFile; fileRef = 417A6D962C4CA04F00AA6408 /* ConsultationView.swift */; };
		417A6D992C4CA06700AA6408 /* PatientListView.swift in Sources */ = {isa = PBXBuildFile; fileRef = 417A6D982C4CA06700AA6408 /* PatientListView.swift */; };
		417A6D9B2C4CA08300AA6408 /* SolutionView.swift in Sources */ = {isa = PBXBuildFile; fileRef = 417A6D9A2C4CA08300AA6408 /* SolutionView.swift */; };
		417A6D9D2C4CA49D00AA6408 /* ConsultationPatientView.swift in Sources */ = {isa = PBXBuildFile; fileRef = 417A6D9C2C4CA49D00AA6408 /* ConsultationPatientView.swift */; };
		417A6D9F2C4CA4BF00AA6408 /* DiagnosisView.swift in Sources */ = {isa = PBXBuildFile; fileRef = 417A6D9E2C4CA4BF00AA6408 /* DiagnosisView.swift */; };
		417A6DA12C4CA4D800AA6408 /* HomePatientView.swift in Sources */ = {isa = PBXBuildFile; fileRef = 417A6DA02C4CA4D800AA6408 /* HomePatientView.swift */; };
/* End PBXBuildFile section */

/* Begin PBXFileReference section */
		417A6D092C496CD900AA6408 /* My Kidney.app */ = {isa = PBXFileReference; explicitFileType = wrapper.application; includeInIndex = 0; path = "My Kidney.app"; sourceTree = BUILT_PRODUCTS_DIR; };
		417A6D0C2C496CD900AA6408 /* My_KidneyApp.swift */ = {isa = PBXFileReference; lastKnownFileType = sourcecode.swift; path = My_KidneyApp.swift; sourceTree = "<group>"; };
		417A6D0E2C496CD900AA6408 /* ContentView.swift */ = {isa = PBXFileReference; lastKnownFileType = sourcecode.swift; path = ContentView.swift; sourceTree = "<group>"; };
		417A6D102C496CDB00AA6408 /* Assets.xcassets */ = {isa = PBXFileReference; lastKnownFileType = folder.assetcatalog; path = Assets.xcassets; sourceTree = "<group>"; };
		417A6D132C496CDB00AA6408 /* Preview Assets.xcassets */ = {isa = PBXFileReference; lastKnownFileType = folder.assetcatalog; path = "Preview Assets.xcassets"; sourceTree = "<group>"; };
		417A6D212C497A6C00AA6408 /* EventModel.swift */ = {isa = PBXFileReference; lastKnownFileType = sourcecode.swift; path = EventModel.swift; sourceTree = "<group>"; };
		417A6D232C497A9400AA6408 /* ExpertSystemModel.swift */ = {isa = PBXFileReference; lastKnownFileType = sourcecode.swift; path = ExpertSystemModel.swift; sourceTree = "<group>"; };
		417A6D252C497AB800AA6408 /* RuleModel.swift */ = {isa = PBXFileReference; lastKnownFileType = sourcecode.swift; path = RuleModel.swift; sourceTree = "<group>"; };
		417A6D272C497AE000AA6408 /* ViewModel.swift */ = {isa = PBXFileReference; lastKnownFileType = sourcecode.swift; path = ViewModel.swift; sourceTree = "<group>"; };
		417A6D292C49E89E00AA6408 /* AdviceViewModel.swift */ = {isa = PBXFileReference; lastKnownFileType = sourcecode.swift; path = AdviceViewModel.swift; sourceTree = "<group>"; };
		417A6D2B2C49E99C00AA6408 /* AuthViewModel.swift */ = {isa = PBXFileReference; lastKnownFileType = sourcecode.swift; path = AuthViewModel.swift; sourceTree = "<group>"; };
		417A6D2D2C49E9CA00AA6408 /* ConsultationVewModel.swift */ = {isa = PBXFileReference; lastKnownFileType = sourcecode.swift; path = ConsultationVewModel.swift; sourceTree = "<group>"; };
		417A6D2F2C49E9EC00AA6408 /* DiagnosisViewModel.swift */ = {isa = PBXFileReference; lastKnownFileType = sourcecode.swift; path = DiagnosisViewModel.swift; sourceTree = "<group>"; };
		417A6D312C49EA2F00AA6408 /* DiseaseViewModel.swift */ = {isa = PBXFileReference; lastKnownFileType = sourcecode.swift; path = DiseaseViewModel.swift; sourceTree = "<group>"; };
		417A6D332C49EA5800AA6408 /* EventViewModel.swift */ = {isa = PBXFileReference; lastKnownFileType = sourcecode.swift; path = EventViewModel.swift; sourceTree = "<group>"; };
		417A6D352C49EA8A00AA6408 /* LoadViewModel.swift */ = {isa = PBXFileReference; lastKnownFileType = sourcecode.swift; path = LoadViewModel.swift; sourceTree = "<group>"; };
		417A6D372C49EACC00AA6408 /* SignInWithAnotherPlatformViewModel.swift */ = {isa = PBXFileReference; lastKnownFileType = sourcecode.swift; path = SignInWithAnotherPlatformViewModel.swift; sourceTree = "<group>"; };
		417A6D392C49EB0300AA6408 /* SymptomQuestionViewModel.swift */ = {isa = PBXFileReference; lastKnownFileType = sourcecode.swift; path = SymptomQuestionViewModel.swift; sourceTree = "<group>"; };
		417A6D3B2C49EB2200AA6408 /* SymptomViewModel.swift */ = {isa = PBXFileReference; lastKnownFileType = sourcecode.swift; path = SymptomViewModel.swift; sourceTree = "<group>"; };
		417A6D482C49F19500AA6408 /* GoogleService-Info.plist */ = {isa = PBXFileReference; fileEncoding = 4; lastKnownFileType = text.plist.xml; path = "GoogleService-Info.plist"; sourceTree = "<group>"; };
		417A6D4F2C49F27300AA6408 /* My-Kidney-Info.plist */ = {isa = PBXFileReference; lastKnownFileType = text.plist; path = "My-Kidney-Info.plist"; sourceTree = SOURCE_ROOT; };
		417A6D502C49F44C00AA6408 /* AdviceService.swift */ = {isa = PBXFileReference; lastKnownFileType = sourcecode.swift; path = AdviceService.swift; sourceTree = "<group>"; };
		417A6D522C49F47700AA6408 /* AuthServices.swift */ = {isa = PBXFileReference; lastKnownFileType = sourcecode.swift; path = AuthServices.swift; sourceTree = "<group>"; };
		417A6D542C49F49D00AA6408 /* ConsultationService.swift */ = {isa = PBXFileReference; lastKnownFileType = sourcecode.swift; path = ConsultationService.swift; sourceTree = "<group>"; };
		417A6D562C49F4B800AA6408 /* DiagnosisService.swift */ = {isa = PBXFileReference; lastKnownFileType = sourcecode.swift; path = DiagnosisService.swift; sourceTree = "<group>"; };
		417A6D582C49F4D600AA6408 /* DiseaseService.swift */ = {isa = PBXFileReference; lastKnownFileType = sourcecode.swift; path = DiseaseService.swift; sourceTree = "<group>"; };
		417A6D5A2C49F4F200AA6408 /* EventService.swift */ = {isa = PBXFileReference; lastKnownFileType = sourcecode.swift; path = EventService.swift; sourceTree = "<group>"; };
		417A6D5C2C49F51500AA6408 /* ExpertSystemService.swift */ = {isa = PBXFileReference; lastKnownFileType = sourcecode.swift; path = ExpertSystemService.swift; sourceTree = "<group>"; };
		417A6D5E2C49F53200AA6408 /* SignInWithAnotherPlatformService.swift */ = {isa = PBXFileReference; lastKnownFileType = sourcecode.swift; path = SignInWithAnotherPlatformService.swift; sourceTree = "<group>"; };
		417A6D602C49F59800AA6408 /* SymptomService.swift */ = {isa = PBXFileReference; lastKnownFileType = sourcecode.swift; path = SymptomService.swift; sourceTree = "<group>"; };
		417A6D652C4ACB3100AA6408 /* ForgotPasswordView.swift */ = {isa = PBXFileReference; lastKnownFileType = sourcecode.swift; path = ForgotPasswordView.swift; sourceTree = "<group>"; };
		417A6D672C4ACB5300AA6408 /* LoginView.swift */ = {isa = PBXFileReference; lastKnownFileType = sourcecode.swift; path = LoginView.swift; sourceTree = "<group>"; };
		417A6D692C4ACB9C00AA6408 /* RegisterView.swift */ = {isa = PBXFileReference; lastKnownFileType = sourcecode.swift; path = RegisterView.swift; sourceTree = "<group>"; };
		417A6D6B2C4C01FB00AA6408 /* ApplicationUtility.swift */ = {isa = PBXFileReference; lastKnownFileType = sourcecode.swift; path = ApplicationUtility.swift; sourceTree = "<group>"; };
		417A6D6D2C4C021B00AA6408 /* CustomInputView.swift */ = {isa = PBXFileReference; lastKnownFileType = sourcecode.swift; path = CustomInputView.swift; sourceTree = "<group>"; };
		417A6D6F2C4C024F00AA6408 /* CustomTopBarView.swift */ = {isa = PBXFileReference; lastKnownFileType = sourcecode.swift; path = CustomTopBarView.swift; sourceTree = "<group>"; };
		417A6D712C4C027800AA6408 /* CustomTabView.swift */ = {isa = PBXFileReference; lastKnownFileType = sourcecode.swift; path = CustomTabView.swift; sourceTree = "<group>"; };
		417A6D732C4C029600AA6408 /* LoadingImageView.swift */ = {isa = PBXFileReference; lastKnownFileType = sourcecode.swift; path = LoadingImageView.swift; sourceTree = "<group>"; };
		417A6D752C4C02B400AA6408 /* LoadingMessageView.swift */ = {isa = PBXFileReference; lastKnownFileType = sourcecode.swift; path = LoadingMessageView.swift; sourceTree = "<group>"; };
		417A6D7E2C4C9BCB00AA6408 /* AdminSettingsView.swift */ = {isa = PBXFileReference; lastKnownFileType = sourcecode.swift; path = AdminSettingsView.swift; sourceTree = "<group>"; };
		417A6D802C4C9BF500AA6408 /* HomeAdminView.swift */ = {isa = PBXFileReference; lastKnownFileType = sourcecode.swift; path = HomeAdminView.swift; sourceTree = "<group>"; };
		417A6D822C4C9C1100AA6408 /* NewsView.swift */ = {isa = PBXFileReference; lastKnownFileType = sourcecode.swift; path = NewsView.swift; sourceTree = "<group>"; };
		417A6D842C4C9C2900AA6408 /* ReportsView.swift */ = {isa = PBXFileReference; lastKnownFileType = sourcecode.swift; path = ReportsView.swift; sourceTree = "<group>"; };
		417A6D862C4C9D2200AA6408 /* AppInfoData.swift */ = {isa = PBXFileReference; lastKnownFileType = sourcecode.swift; path = AppInfoData.swift; sourceTree = "<group>"; };
		417A6D882C4C9D7500AA6408 /* ProfileView.swift */ = {isa = PBXFileReference; lastKnownFileType = sourcecode.swift; path = ProfileView.swift; sourceTree = "<group>"; };
		417A6D8A2C4C9D8D00AA6408 /* SettingsView.swift */ = {isa = PBXFileReference; lastKnownFileType = sourcecode.swift; path = SettingsView.swift; sourceTree = "<group>"; };
		417A6D8C2C4C9DB800AA6408 /* TabView.swift */ = {isa = PBXFileReference; lastKnownFileType = sourcecode.swift; path = TabView.swift; sourceTree = "<group>"; };
		417A6D8E2C4C9DD800AA6408 /* TopNavigationView.swift */ = {isa = PBXFileReference; lastKnownFileType = sourcecode.swift; path = TopNavigationView.swift; sourceTree = "<group>"; };
		417A6D902C4C9E1C00AA6408 /* UpdateTeleponView.swift */ = {isa = PBXFileReference; lastKnownFileType = sourcecode.swift; path = UpdateTeleponView.swift; sourceTree = "<group>"; };
		417A6D922C4C9E4700AA6408 /* UserDetailView.swift */ = {isa = PBXFileReference; lastKnownFileType = sourcecode.swift; path = UserDetailView.swift; sourceTree = "<group>"; };
		417A6D942C4C9EC400AA6408 /* UserProfileView.swift */ = {isa = PBXFileReference; lastKnownFileType = sourcecode.swift; path = UserProfileView.swift; sourceTree = "<group>"; };
		417A6D962C4CA04F00AA6408 /* ConsultationView.swift */ = {isa = PBXFileReference; lastKnownFileType = sourcecode.swift; path = ConsultationView.swift; sourceTree = "<group>"; };
		417A6D982C4CA06700AA6408 /* PatientListView.swift */ = {isa = PBXFileReference; lastKnownFileType = sourcecode.swift; path = PatientListView.swift; sourceTree = "<group>"; };
		417A6D9A2C4CA08300AA6408 /* SolutionView.swift */ = {isa = PBXFileReference; lastKnownFileType = sourcecode.swift; path = SolutionView.swift; sourceTree = "<group>"; };
		417A6D9C2C4CA49D00AA6408 /* ConsultationPatientView.swift */ = {isa = PBXFileReference; lastKnownFileType = sourcecode.swift; path = ConsultationPatientView.swift; sourceTree = "<group>"; };
		417A6D9E2C4CA4BF00AA6408 /* DiagnosisView.swift */ = {isa = PBXFileReference; lastKnownFileType = sourcecode.swift; path = DiagnosisView.swift; sourceTree = "<group>"; };
		417A6DA02C4CA4D800AA6408 /* HomePatientView.swift */ = {isa = PBXFileReference; lastKnownFileType = sourcecode.swift; path = HomePatientView.swift; sourceTree = "<group>"; };
/* End PBXFileReference section */

/* Begin PBXFrameworksBuildPhase section */
		417A6D062C496CD900AA6408 /* Frameworks */ = {
			isa = PBXFrameworksBuildPhase;
			buildActionMask = 2147483647;
			files = (
				417A6D4C2C49F21C00AA6408 /* GoogleSignIn in Frameworks */,
				417A6D412C49EEC700AA6408 /* FirebaseAuth in Frameworks */,
				417A6D472C49EEC700AA6408 /* FirebaseStorage in Frameworks */,
				417A6D4E2C49F21C00AA6408 /* GoogleSignInSwift in Frameworks */,
				417A6D432C49EEC700AA6408 /* FirebaseFirestore in Frameworks */,
				417A6D452C49EEC700AA6408 /* FirebaseFirestoreSwift in Frameworks */,
			);
			runOnlyForDeploymentPostprocessing = 0;
		};
/* End PBXFrameworksBuildPhase section */

/* Begin PBXGroup section */
		417A6D002C496CD900AA6408 = {
			isa = PBXGroup;
			children = (
				417A6D0B2C496CD900AA6408 /* My Kidney */,
				417A6D0A2C496CD900AA6408 /* Products */,
			);
			sourceTree = "<group>";
		};
		417A6D0A2C496CD900AA6408 /* Products */ = {
			isa = PBXGroup;
			children = (
				417A6D092C496CD900AA6408 /* My Kidney.app */,
			);
			name = Products;
			sourceTree = "<group>";
		};
		417A6D0B2C496CD900AA6408 /* My Kidney */ = {
			isa = PBXGroup;
			children = (
				417A6D4F2C49F27300AA6408 /* My-Kidney-Info.plist */,
				417A6D202C49793900AA6408 /* App */,
				417A6D1F2C49792E00AA6408 /* Resources */,
				417A6D1E2C49791A00AA6408 /* Utilities */,
				417A6D1D2C49790B00AA6408 /* Services */,
				417A6D1C2C4978FF00AA6408 /* Models */,
				417A6D1B2C4978F300AA6408 /* Views */,
				417A6D1A2C4978E900AA6408 /* ViewModels */,
				417A6D122C496CDB00AA6408 /* Preview Content */,
			);
			path = "My Kidney";
			sourceTree = "<group>";
		};
		417A6D122C496CDB00AA6408 /* Preview Content */ = {
			isa = PBXGroup;
			children = (
				417A6D132C496CDB00AA6408 /* Preview Assets.xcassets */,
				417A6D102C496CDB00AA6408 /* Assets.xcassets */,
			);
			path = "Preview Content";
			sourceTree = "<group>";
		};
		417A6D1A2C4978E900AA6408 /* ViewModels */ = {
			isa = PBXGroup;
			children = (
				417A6D292C49E89E00AA6408 /* AdviceViewModel.swift */,
				417A6D2B2C49E99C00AA6408 /* AuthViewModel.swift */,
				417A6D2D2C49E9CA00AA6408 /* ConsultationVewModel.swift */,
				417A6D2F2C49E9EC00AA6408 /* DiagnosisViewModel.swift */,
				417A6D312C49EA2F00AA6408 /* DiseaseViewModel.swift */,
				417A6D332C49EA5800AA6408 /* EventViewModel.swift */,
				417A6D352C49EA8A00AA6408 /* LoadViewModel.swift */,
				417A6D372C49EACC00AA6408 /* SignInWithAnotherPlatformViewModel.swift */,
				417A6D392C49EB0300AA6408 /* SymptomQuestionViewModel.swift */,
				417A6D3B2C49EB2200AA6408 /* SymptomViewModel.swift */,
			);
			path = ViewModels;
			sourceTree = "<group>";
		};
		417A6D1B2C4978F300AA6408 /* Views */ = {
			isa = PBXGroup;
			children = (
				417A6D642C4ACB0A00AA6408 /* Auth */,
				417A6D632C4ACAF500AA6408 /* Component */,
				417A6D622C4ACAD100AA6408 /* Main */,
			);
			path = Views;
			sourceTree = "<group>";
		};
		417A6D1C2C4978FF00AA6408 /* Models */ = {
			isa = PBXGroup;
			children = (
				417A6D212C497A6C00AA6408 /* EventModel.swift */,
				417A6D232C497A9400AA6408 /* ExpertSystemModel.swift */,
				417A6D252C497AB800AA6408 /* RuleModel.swift */,
				417A6D272C497AE000AA6408 /* ViewModel.swift */,
			);
			path = Models;
			sourceTree = "<group>";
		};
		417A6D1D2C49790B00AA6408 /* Services */ = {
			isa = PBXGroup;
			children = (
				417A6D502C49F44C00AA6408 /* AdviceService.swift */,
				417A6D522C49F47700AA6408 /* AuthServices.swift */,
				417A6D542C49F49D00AA6408 /* ConsultationService.swift */,
				417A6D562C49F4B800AA6408 /* DiagnosisService.swift */,
				417A6D582C49F4D600AA6408 /* DiseaseService.swift */,
				417A6D5A2C49F4F200AA6408 /* EventService.swift */,
				417A6D5C2C49F51500AA6408 /* ExpertSystemService.swift */,
				417A6D5E2C49F53200AA6408 /* SignInWithAnotherPlatformService.swift */,
				417A6D602C49F59800AA6408 /* SymptomService.swift */,
			);
			path = Services;
			sourceTree = "<group>";
		};
		417A6D1E2C49791A00AA6408 /* Utilities */ = {
			isa = PBXGroup;
			children = (
			);
			path = Utilities;
			sourceTree = "<group>";
		};
		417A6D1F2C49792E00AA6408 /* Resources */ = {
			isa = PBXGroup;
			children = (
				417A6D482C49F19500AA6408 /* GoogleService-Info.plist */,
			);
			path = Resources;
			sourceTree = "<group>";
		};
		417A6D202C49793900AA6408 /* App */ = {
			isa = PBXGroup;
			children = (
				417A6D0C2C496CD900AA6408 /* My_KidneyApp.swift */,
				417A6D0E2C496CD900AA6408 /* ContentView.swift */,
			);
			path = App;
			sourceTree = "<group>";
		};
		417A6D622C4ACAD100AA6408 /* Main */ = {
			isa = PBXGroup;
			children = (
				417A6D782C4C06FD00AA6408 /* All */,
				417A6D772C4C06F500AA6408 /* Admin */,
				417A6D7C2C4C072F00AA6408 /* SubAdmin */,
				417A6D792C4C070700AA6408 /* Doctor */,
				417A6D7D2C4C075A00AA6408 /* SubDoctor */,
				417A6D7A2C4C071500AA6408 /* Patient */,
				417A6D7B2C4C071D00AA6408 /* SubPatient */,
			);
			path = Main;
			sourceTree = "<group>";
		};
		417A6D632C4ACAF500AA6408 /* Component */ = {
			isa = PBXGroup;
			children = (
				417A6D6B2C4C01FB00AA6408 /* ApplicationUtility.swift */,
				417A6D6D2C4C021B00AA6408 /* CustomInputView.swift */,
				417A6D6F2C4C024F00AA6408 /* CustomTopBarView.swift */,
				417A6D712C4C027800AA6408 /* CustomTabView.swift */,
				417A6D732C4C029600AA6408 /* LoadingImageView.swift */,
				417A6D752C4C02B400AA6408 /* LoadingMessageView.swift */,
			);
			path = Component;
			sourceTree = "<group>";
		};
		417A6D642C4ACB0A00AA6408 /* Auth */ = {
			isa = PBXGroup;
			children = (
				417A6D652C4ACB3100AA6408 /* ForgotPasswordView.swift */,
				417A6D672C4ACB5300AA6408 /* LoginView.swift */,
				417A6D692C4ACB9C00AA6408 /* RegisterView.swift */,
			);
			path = Auth;
			sourceTree = "<group>";
		};
		417A6D772C4C06F500AA6408 /* Admin */ = {
			isa = PBXGroup;
			children = (
				417A6D7E2C4C9BCB00AA6408 /* AdminSettingsView.swift */,
				417A6D802C4C9BF500AA6408 /* HomeAdminView.swift */,
				417A6D822C4C9C1100AA6408 /* NewsView.swift */,
				417A6D842C4C9C2900AA6408 /* ReportsView.swift */,
			);
			path = Admin;
			sourceTree = "<group>";
		};
		417A6D782C4C06FD00AA6408 /* All */ = {
			isa = PBXGroup;
			children = (
				417A6D862C4C9D2200AA6408 /* AppInfoData.swift */,
				417A6D882C4C9D7500AA6408 /* ProfileView.swift */,
				417A6D8A2C4C9D8D00AA6408 /* SettingsView.swift */,
				417A6D8C2C4C9DB800AA6408 /* TabView.swift */,
				417A6D8E2C4C9DD800AA6408 /* TopNavigationView.swift */,
				417A6D902C4C9E1C00AA6408 /* UpdateTeleponView.swift */,
				417A6D922C4C9E4700AA6408 /* UserDetailView.swift */,
				417A6D942C4C9EC400AA6408 /* UserProfileView.swift */,
			);
			path = All;
			sourceTree = "<group>";
		};
		417A6D792C4C070700AA6408 /* Doctor */ = {
			isa = PBXGroup;
			children = (
				417A6D962C4CA04F00AA6408 /* ConsultationView.swift */,
				417A6D982C4CA06700AA6408 /* PatientListView.swift */,
				417A6D9A2C4CA08300AA6408 /* SolutionView.swift */,
			);
			path = Doctor;
			sourceTree = "<group>";
		};
		417A6D7A2C4C071500AA6408 /* Patient */ = {
			isa = PBXGroup;
			children = (
				417A6D9C2C4CA49D00AA6408 /* ConsultationPatientView.swift */,
				417A6D9E2C4CA4BF00AA6408 /* DiagnosisView.swift */,
				417A6DA02C4CA4D800AA6408 /* HomePatientView.swift */,
			);
			path = Patient;
			sourceTree = "<group>";
		};
		417A6D7B2C4C071D00AA6408 /* SubPatient */ = {
			isa = PBXGroup;
			children = (
			);
			path = SubPatient;
			sourceTree = "<group>";
		};
		417A6D7C2C4C072F00AA6408 /* SubAdmin */ = {
			isa = PBXGroup;
			children = (
			);
			path = SubAdmin;
			sourceTree = "<group>";
		};
		417A6D7D2C4C075A00AA6408 /* SubDoctor */ = {
			isa = PBXGroup;
			children = (
			);
			path = SubDoctor;
			sourceTree = "<group>";
		};
/* End PBXGroup section */

/* Begin PBXNativeTarget section */
		417A6D082C496CD900AA6408 /* My Kidney */ = {
			isa = PBXNativeTarget;
			buildConfigurationList = 417A6D172C496CDB00AA6408 /* Build configuration list for PBXNativeTarget "My Kidney" */;
			buildPhases = (
				417A6D052C496CD900AA6408 /* Sources */,
				417A6D062C496CD900AA6408 /* Frameworks */,
				417A6D072C496CD900AA6408 /* Resources */,
			);
			buildRules = (
			);
			dependencies = (
			);
			name = "My Kidney";
			packageProductDependencies = (
				417A6D402C49EEC700AA6408 /* FirebaseAuth */,
				417A6D422C49EEC700AA6408 /* FirebaseFirestore */,
				417A6D442C49EEC700AA6408 /* FirebaseFirestoreSwift */,
				417A6D462C49EEC700AA6408 /* FirebaseStorage */,
				417A6D4B2C49F21C00AA6408 /* GoogleSignIn */,
				417A6D4D2C49F21C00AA6408 /* GoogleSignInSwift */,
			);
			productName = "My Kidney";
			productReference = 417A6D092C496CD900AA6408 /* My Kidney.app */;
			productType = "com.apple.product-type.application";
		};
/* End PBXNativeTarget section */

/* Begin PBXProject section */
		417A6D012C496CD900AA6408 /* Project object */ = {
			isa = PBXProject;
			attributes = {
				BuildIndependentTargetsInParallel = 1;
				LastSwiftUpdateCheck = 1530;
				LastUpgradeCheck = 1530;
				TargetAttributes = {
					417A6D082C496CD900AA6408 = {
						CreatedOnToolsVersion = 15.3;
					};
				};
			};
			buildConfigurationList = 417A6D042C496CD900AA6408 /* Build configuration list for PBXProject "My Kidney" */;
			compatibilityVersion = "Xcode 14.0";
			developmentRegion = en;
			hasScannedForEncodings = 0;
			knownRegions = (
				en,
				Base,
			);
			mainGroup = 417A6D002C496CD900AA6408;
			packageReferences = (
				417A6D3F2C49EEC700AA6408 /* XCRemoteSwiftPackageReference "firebase-ios-sdk" */,
				417A6D4A2C49F21C00AA6408 /* XCRemoteSwiftPackageReference "GoogleSignIn-iOS" */,
			);
			productRefGroup = 417A6D0A2C496CD900AA6408 /* Products */;
			projectDirPath = "";
			projectRoot = "";
			targets = (
				417A6D082C496CD900AA6408 /* My Kidney */,
			);
		};
/* End PBXProject section */

/* Begin PBXResourcesBuildPhase section */
		417A6D072C496CD900AA6408 /* Resources */ = {
			isa = PBXResourcesBuildPhase;
			buildActionMask = 2147483647;
			files = (
				417A6D142C496CDB00AA6408 /* Preview Assets.xcassets in Resources */,
				417A6D112C496CDB00AA6408 /* Assets.xcassets in Resources */,
				417A6D492C49F19500AA6408 /* GoogleService-Info.plist in Resources */,
			);
			runOnlyForDeploymentPostprocessing = 0;
		};
/* End PBXResourcesBuildPhase section */

/* Begin PBXSourcesBuildPhase section */
		417A6D052C496CD900AA6408 /* Sources */ = {
			isa = PBXSourcesBuildPhase;
			buildActionMask = 2147483647;
			files = (
				417A6D872C4C9D2200AA6408 /* AppInfoData.swift in Sources */,
				417A6D242C497A9400AA6408 /* ExpertSystemModel.swift in Sources */,
				417A6D342C49EA5800AA6408 /* EventViewModel.swift in Sources */,
				417A6D0F2C496CD900AA6408 /* ContentView.swift in Sources */,
				417A6D8D2C4C9DB800AA6408 /* TabView.swift in Sources */,
				417A6D812C4C9BF500AA6408 /* HomeAdminView.swift in Sources */,
				417A6D8B2C4C9D8D00AA6408 /* SettingsView.swift in Sources */,
				417A6D572C49F4B800AA6408 /* DiagnosisService.swift in Sources */,
				417A6D302C49E9EC00AA6408 /* DiagnosisViewModel.swift in Sources */,
				417A6D222C497A6C00AA6408 /* EventModel.swift in Sources */,
				417A6D5B2C49F4F200AA6408 /* EventService.swift in Sources */,
				417A6D2E2C49E9CA00AA6408 /* ConsultationVewModel.swift in Sources */,
				417A6D6E2C4C021B00AA6408 /* CustomInputView.swift in Sources */,
				417A6D932C4C9E4700AA6408 /* UserDetailView.swift in Sources */,
				417A6D702C4C024F00AA6408 /* CustomTopBarView.swift in Sources */,
				417A6D662C4ACB3100AA6408 /* ForgotPasswordView.swift in Sources */,
				417A6D852C4C9C2900AA6408 /* ReportsView.swift in Sources */,
				417A6D762C4C02B400AA6408 /* LoadingMessageView.swift in Sources */,
				417A6D3C2C49EB2200AA6408 /* SymptomViewModel.swift in Sources */,
				417A6D5D2C49F51500AA6408 /* ExpertSystemService.swift in Sources */,
				417A6D9B2C4CA08300AA6408 /* SolutionView.swift in Sources */,
				417A6DA12C4CA4D800AA6408 /* HomePatientView.swift in Sources */,
				417A6D912C4C9E1C00AA6408 /* UpdateTeleponView.swift in Sources */,
				417A6D0D2C496CD900AA6408 /* My_KidneyApp.swift in Sources */,
				417A6D552C49F49D00AA6408 /* ConsultationService.swift in Sources */,
				417A6D5F2C49F53200AA6408 /* SignInWithAnotherPlatformService.swift in Sources */,
				417A6D9D2C4CA49D00AA6408 /* ConsultationPatientView.swift in Sources */,
				417A6D2C2C49E99C00AA6408 /* AuthViewModel.swift in Sources */,
				417A6D9F2C4CA4BF00AA6408 /* DiagnosisView.swift in Sources */,
				417A6D512C49F44C00AA6408 /* AdviceService.swift in Sources */,
				417A6D282C497AE000AA6408 /* ViewModel.swift in Sources */,
				417A6D6A2C4ACB9C00AA6408 /* RegisterView.swift in Sources */,
				417A6D992C4CA06700AA6408 /* PatientListView.swift in Sources */,
				417A6D742C4C029600AA6408 /* LoadingImageView.swift in Sources */,
				417A6D382C49EACC00AA6408 /* SignInWithAnotherPlatformViewModel.swift in Sources */,
				417A6D3A2C49EB0300AA6408 /* SymptomQuestionViewModel.swift in Sources */,
				417A6D832C4C9C1100AA6408 /* NewsView.swift in Sources */,
				417A6D7F2C4C9BCB00AA6408 /* AdminSettingsView.swift in Sources */,
				417A6D322C49EA2F00AA6408 /* DiseaseViewModel.swift in Sources */,
				417A6D8F2C4C9DD800AA6408 /* TopNavigationView.swift in Sources */,
				417A6D2A2C49E89E00AA6408 /* AdviceViewModel.swift in Sources */,
				417A6D682C4ACB5300AA6408 /* LoginView.swift in Sources */,
				417A6D952C4C9EC400AA6408 /* UserProfileView.swift in Sources */,
				417A6D892C4C9D7500AA6408 /* ProfileView.swift in Sources */,
				417A6D972C4CA04F00AA6408 /* ConsultationView.swift in Sources */,
				417A6D612C49F59800AA6408 /* SymptomService.swift in Sources */,
				417A6D6C2C4C01FB00AA6408 /* ApplicationUtility.swift in Sources */,
				417A6D722C4C027800AA6408 /* CustomTabView.swift in Sources */,
				417A6D532C49F47700AA6408 /* AuthServices.swift in Sources */,
				417A6D262C497AB800AA6408 /* RuleModel.swift in Sources */,
				417A6D592C49F4D600AA6408 /* DiseaseService.swift in Sources */,
				417A6D362C49EA8A00AA6408 /* LoadViewModel.swift in Sources */,
			);
			runOnlyForDeploymentPostprocessing = 0;
		};
/* End PBXSourcesBuildPhase section */

/* Begin XCBuildConfiguration section */
		417A6D152C496CDB00AA6408 /* Debug */ = {
			isa = XCBuildConfiguration;
			buildSettings = {
				ALWAYS_SEARCH_USER_PATHS = NO;
				ASSETCATALOG_COMPILER_GENERATE_SWIFT_ASSET_SYMBOL_EXTENSIONS = YES;
				CLANG_ANALYZER_NONNULL = YES;
				CLANG_ANALYZER_NUMBER_OBJECT_CONVERSION = YES_AGGRESSIVE;
				CLANG_CXX_LANGUAGE_STANDARD = "gnu++20";
				CLANG_ENABLE_MODULES = YES;
				CLANG_ENABLE_OBJC_ARC = YES;
				CLANG_ENABLE_OBJC_WEAK = YES;
				CLANG_WARN_BLOCK_CAPTURE_AUTORELEASING = YES;
				CLANG_WARN_BOOL_CONVERSION = YES;
				CLANG_WARN_COMMA = YES;
				CLANG_WARN_CONSTANT_CONVERSION = YES;
				CLANG_WARN_DEPRECATED_OBJC_IMPLEMENTATIONS = YES;
				CLANG_WARN_DIRECT_OBJC_ISA_USAGE = YES_ERROR;
				CLANG_WARN_DOCUMENTATION_COMMENTS = YES;
				CLANG_WARN_EMPTY_BODY = YES;
				CLANG_WARN_ENUM_CONVERSION = YES;
				CLANG_WARN_INFINITE_RECURSION = YES;
				CLANG_WARN_INT_CONVERSION = YES;
				CLANG_WARN_NON_LITERAL_NULL_CONVERSION = YES;
				CLANG_WARN_OBJC_IMPLICIT_RETAIN_SELF = YES;
				CLANG_WARN_OBJC_LITERAL_CONVERSION = YES;
				CLANG_WARN_OBJC_ROOT_CLASS = YES_ERROR;
				CLANG_WARN_QUOTED_INCLUDE_IN_FRAMEWORK_HEADER = YES;
				CLANG_WARN_RANGE_LOOP_ANALYSIS = YES;
				CLANG_WARN_STRICT_PROTOTYPES = YES;
				CLANG_WARN_SUSPICIOUS_MOVE = YES;
				CLANG_WARN_UNGUARDED_AVAILABILITY = YES_AGGRESSIVE;
				CLANG_WARN_UNREACHABLE_CODE = YES;
				CLANG_WARN__DUPLICATE_METHOD_MATCH = YES;
				COPY_PHASE_STRIP = NO;
				DEBUG_INFORMATION_FORMAT = dwarf;
				ENABLE_STRICT_OBJC_MSGSEND = YES;
				ENABLE_TESTABILITY = YES;
				ENABLE_USER_SCRIPT_SANDBOXING = YES;
				GCC_C_LANGUAGE_STANDARD = gnu17;
				GCC_DYNAMIC_NO_PIC = NO;
				GCC_NO_COMMON_BLOCKS = YES;
				GCC_OPTIMIZATION_LEVEL = 0;
				GCC_PREPROCESSOR_DEFINITIONS = (
					"DEBUG=1",
					"$(inherited)",
				);
				GCC_WARN_64_TO_32_BIT_CONVERSION = YES;
				GCC_WARN_ABOUT_RETURN_TYPE = YES_ERROR;
				GCC_WARN_UNDECLARED_SELECTOR = YES;
				GCC_WARN_UNINITIALIZED_AUTOS = YES_AGGRESSIVE;
				GCC_WARN_UNUSED_FUNCTION = YES;
				GCC_WARN_UNUSED_VARIABLE = YES;
				IPHONEOS_DEPLOYMENT_TARGET = 17.4;
				LOCALIZATION_PREFERS_STRING_CATALOGS = YES;
				MTL_ENABLE_DEBUG_INFO = INCLUDE_SOURCE;
				MTL_FAST_MATH = YES;
				ONLY_ACTIVE_ARCH = YES;
				SDKROOT = iphoneos;
				SWIFT_ACTIVE_COMPILATION_CONDITIONS = "DEBUG $(inherited)";
				SWIFT_OPTIMIZATION_LEVEL = "-Onone";
			};
			name = Debug;
		};
		417A6D162C496CDB00AA6408 /* Release */ = {
			isa = XCBuildConfiguration;
			buildSettings = {
				ALWAYS_SEARCH_USER_PATHS = NO;
				ASSETCATALOG_COMPILER_GENERATE_SWIFT_ASSET_SYMBOL_EXTENSIONS = YES;
				CLANG_ANALYZER_NONNULL = YES;
				CLANG_ANALYZER_NUMBER_OBJECT_CONVERSION = YES_AGGRESSIVE;
				CLANG_CXX_LANGUAGE_STANDARD = "gnu++20";
				CLANG_ENABLE_MODULES = YES;
				CLANG_ENABLE_OBJC_ARC = YES;
				CLANG_ENABLE_OBJC_WEAK = YES;
				CLANG_WARN_BLOCK_CAPTURE_AUTORELEASING = YES;
				CLANG_WARN_BOOL_CONVERSION = YES;
				CLANG_WARN_COMMA = YES;
				CLANG_WARN_CONSTANT_CONVERSION = YES;
				CLANG_WARN_DEPRECATED_OBJC_IMPLEMENTATIONS = YES;
				CLANG_WARN_DIRECT_OBJC_ISA_USAGE = YES_ERROR;
				CLANG_WARN_DOCUMENTATION_COMMENTS = YES;
				CLANG_WARN_EMPTY_BODY = YES;
				CLANG_WARN_ENUM_CONVERSION = YES;
				CLANG_WARN_INFINITE_RECURSION = YES;
				CLANG_WARN_INT_CONVERSION = YES;
				CLANG_WARN_NON_LITERAL_NULL_CONVERSION = YES;
				CLANG_WARN_OBJC_IMPLICIT_RETAIN_SELF = YES;
				CLANG_WARN_OBJC_LITERAL_CONVERSION = YES;
				CLANG_WARN_OBJC_ROOT_CLASS = YES_ERROR;
				CLANG_WARN_QUOTED_INCLUDE_IN_FRAMEWORK_HEADER = YES;
				CLANG_WARN_RANGE_LOOP_ANALYSIS = YES;
				CLANG_WARN_STRICT_PROTOTYPES = YES;
				CLANG_WARN_SUSPICIOUS_MOVE = YES;
				CLANG_WARN_UNGUARDED_AVAILABILITY = YES_AGGRESSIVE;
				CLANG_WARN_UNREACHABLE_CODE = YES;
				CLANG_WARN__DUPLICATE_METHOD_MATCH = YES;
				COPY_PHASE_STRIP = NO;
				DEBUG_INFORMATION_FORMAT = "dwarf-with-dsym";
				ENABLE_NS_ASSERTIONS = NO;
				ENABLE_STRICT_OBJC_MSGSEND = YES;
				ENABLE_USER_SCRIPT_SANDBOXING = YES;
				GCC_C_LANGUAGE_STANDARD = gnu17;
				GCC_NO_COMMON_BLOCKS = YES;
				GCC_WARN_64_TO_32_BIT_CONVERSION = YES;
				GCC_WARN_ABOUT_RETURN_TYPE = YES_ERROR;
				GCC_WARN_UNDECLARED_SELECTOR = YES;
				GCC_WARN_UNINITIALIZED_AUTOS = YES_AGGRESSIVE;
				GCC_WARN_UNUSED_FUNCTION = YES;
				GCC_WARN_UNUSED_VARIABLE = YES;
				IPHONEOS_DEPLOYMENT_TARGET = 17.4;
				LOCALIZATION_PREFERS_STRING_CATALOGS = YES;
				MTL_ENABLE_DEBUG_INFO = NO;
				MTL_FAST_MATH = YES;
				SDKROOT = iphoneos;
				SWIFT_COMPILATION_MODE = wholemodule;
				VALIDATE_PRODUCT = YES;
			};
			name = Release;
		};
		417A6D182C496CDB00AA6408 /* Debug */ = {
			isa = XCBuildConfiguration;
			buildSettings = {
				ASSETCATALOG_COMPILER_APPICON_NAME = AppIcon;
				ASSETCATALOG_COMPILER_GLOBAL_ACCENT_COLOR_NAME = AccentColor;
				CODE_SIGN_STYLE = Automatic;
				CURRENT_PROJECT_VERSION = 1;
				DEVELOPMENT_ASSET_PATHS = "\"My Kidney/Preview Content\"";
				DEVELOPMENT_TEAM = QAM977QT6U;
				ENABLE_PREVIEWS = YES;
				GENERATE_INFOPLIST_FILE = YES;
				INFOPLIST_FILE = "My-Kidney-Info.plist";
				INFOPLIST_KEY_UIApplicationSceneManifest_Generation = YES;
				INFOPLIST_KEY_UIApplicationSupportsIndirectInputEvents = YES;
				INFOPLIST_KEY_UILaunchScreen_Generation = YES;
				INFOPLIST_KEY_UISupportedInterfaceOrientations_iPad = "UIInterfaceOrientationPortrait UIInterfaceOrientationPortraitUpsideDown UIInterfaceOrientationLandscapeLeft UIInterfaceOrientationLandscapeRight";
				INFOPLIST_KEY_UISupportedInterfaceOrientations_iPhone = "UIInterfaceOrientationPortrait UIInterfaceOrientationLandscapeLeft UIInterfaceOrientationLandscapeRight";
				LD_RUNPATH_SEARCH_PATHS = (
					"$(inherited)",
					"@executable_path/Frameworks",
				);
				MARKETING_VERSION = 1.0;
				PRODUCT_BUNDLE_IDENTIFIER = "Pratama-Center.My-Kidney";
				PRODUCT_NAME = "$(TARGET_NAME)";
				SWIFT_EMIT_LOC_STRINGS = YES;
				SWIFT_VERSION = 5.0;
				TARGETED_DEVICE_FAMILY = "1,2";
			};
			name = Debug;
		};
		417A6D192C496CDB00AA6408 /* Release */ = {
			isa = XCBuildConfiguration;
			buildSettings = {
				ASSETCATALOG_COMPILER_APPICON_NAME = AppIcon;
				ASSETCATALOG_COMPILER_GLOBAL_ACCENT_COLOR_NAME = AccentColor;
				CODE_SIGN_STYLE = Automatic;
				CURRENT_PROJECT_VERSION = 1;
				DEVELOPMENT_ASSET_PATHS = "\"My Kidney/Preview Content\"";
				DEVELOPMENT_TEAM = QAM977QT6U;
				ENABLE_PREVIEWS = YES;
				GENERATE_INFOPLIST_FILE = YES;
				INFOPLIST_FILE = "My-Kidney-Info.plist";
				INFOPLIST_KEY_UIApplicationSceneManifest_Generation = YES;
				INFOPLIST_KEY_UIApplicationSupportsIndirectInputEvents = YES;
				INFOPLIST_KEY_UILaunchScreen_Generation = YES;
				INFOPLIST_KEY_UISupportedInterfaceOrientations_iPad = "UIInterfaceOrientationPortrait UIInterfaceOrientationPortraitUpsideDown UIInterfaceOrientationLandscapeLeft UIInterfaceOrientationLandscapeRight";
				INFOPLIST_KEY_UISupportedInterfaceOrientations_iPhone = "UIInterfaceOrientationPortrait UIInterfaceOrientationLandscapeLeft UIInterfaceOrientationLandscapeRight";
				LD_RUNPATH_SEARCH_PATHS = (
					"$(inherited)",
					"@executable_path/Frameworks",
				);
				MARKETING_VERSION = 1.0;
				PRODUCT_BUNDLE_IDENTIFIER = "Pratama-Center.My-Kidney";
				PRODUCT_NAME = "$(TARGET_NAME)";
				SWIFT_EMIT_LOC_STRINGS = YES;
				SWIFT_VERSION = 5.0;
				TARGETED_DEVICE_FAMILY = "1,2";
			};
			name = Release;
		};
/* End XCBuildConfiguration section */

/* Begin XCConfigurationList section */
		417A6D042C496CD900AA6408 /* Build configuration list for PBXProject "My Kidney" */ = {
			isa = XCConfigurationList;
			buildConfigurations = (
				417A6D152C496CDB00AA6408 /* Debug */,
				417A6D162C496CDB00AA6408 /* Release */,
			);
			defaultConfigurationIsVisible = 0;
			defaultConfigurationName = Release;
		};
		417A6D172C496CDB00AA6408 /* Build configuration list for PBXNativeTarget "My Kidney" */ = {
			isa = XCConfigurationList;
			buildConfigurations = (
				417A6D182C496CDB00AA6408 /* Debug */,
				417A6D192C496CDB00AA6408 /* Release */,
			);
			defaultConfigurationIsVisible = 0;
			defaultConfigurationName = Release;
		};
/* End XCConfigurationList section */

/* Begin XCRemoteSwiftPackageReference section */
		417A6D3F2C49EEC700AA6408 /* XCRemoteSwiftPackageReference "firebase-ios-sdk" */ = {
			isa = XCRemoteSwiftPackageReference;
			repositoryURL = "https://github.com/firebase/firebase-ios-sdk";
			requirement = {
				kind = upToNextMajorVersion;
				minimumVersion = 10.29.0;
			};
		};
		417A6D4A2C49F21C00AA6408 /* XCRemoteSwiftPackageReference "GoogleSignIn-iOS" */ = {
			isa = XCRemoteSwiftPackageReference;
			repositoryURL = "https://github.com/google/GoogleSignIn-iOS";
			requirement = {
				kind = upToNextMajorVersion;
				minimumVersion = 7.1.0;
			};
		};
/* End XCRemoteSwiftPackageReference section */

/* Begin XCSwiftPackageProductDependency section */
		417A6D402C49EEC700AA6408 /* FirebaseAuth */ = {
			isa = XCSwiftPackageProductDependency;
			package = 417A6D3F2C49EEC700AA6408 /* XCRemoteSwiftPackageReference "firebase-ios-sdk" */;
			productName = FirebaseAuth;
		};
		417A6D422C49EEC700AA6408 /* FirebaseFirestore */ = {
			isa = XCSwiftPackageProductDependency;
			package = 417A6D3F2C49EEC700AA6408 /* XCRemoteSwiftPackageReference "firebase-ios-sdk" */;
			productName = FirebaseFirestore;
		};
		417A6D442C49EEC700AA6408 /* FirebaseFirestoreSwift */ = {
			isa = XCSwiftPackageProductDependency;
			package = 417A6D3F2C49EEC700AA6408 /* XCRemoteSwiftPackageReference "firebase-ios-sdk" */;
			productName = FirebaseFirestoreSwift;
		};
		417A6D462C49EEC700AA6408 /* FirebaseStorage */ = {
			isa = XCSwiftPackageProductDependency;
			package = 417A6D3F2C49EEC700AA6408 /* XCRemoteSwiftPackageReference "firebase-ios-sdk" */;
			productName = FirebaseStorage;
		};
		417A6D4B2C49F21C00AA6408 /* GoogleSignIn */ = {
			isa = XCSwiftPackageProductDependency;
			package = 417A6D4A2C49F21C00AA6408 /* XCRemoteSwiftPackageReference "GoogleSignIn-iOS" */;
			productName = GoogleSignIn;
		};
		417A6D4D2C49F21C00AA6408 /* GoogleSignInSwift */ = {
			isa = XCSwiftPackageProductDependency;
			package = 417A6D4A2C49F21C00AA6408 /* XCRemoteSwiftPackageReference "GoogleSignIn-iOS" */;
			productName = GoogleSignInSwift;
		};
/* End XCSwiftPackageProductDependency section */
	};
	rootObject = 417A6D012C496CD900AA6408 /* Project object */;
}
